
Microsoft Visual Studio Solution File, Format Version 12.00
# Visual Studio 15
VisualStudioVersion = 15.0.27428.2037
MinimumVisualStudioVersion = 10.0.40219.1
Project("{FAE04EC0-301F-11D3-BF4B-00C04F79EFBC}") = "scotiawebapp", "scotiawebapp\scotiawebapp.csproj", "{1CF96C13-89D5-4DFC-A34B-6542833C343C}"
EndProject
Global
	GlobalSection(SolutionConfigurationPlatforms) = preSolution
		Debug|Any CPU = Debug|Any CPU
		Release|Any CPU = Release|Any CPU
	EndGlobalSection
	GlobalSection(ProjectConfigurationPlatforms) = postSolution
		{1CF96C13-89D5-4DFC-A34B-6542833C343C}.Debug|Any CPU.ActiveCfg = Debug|Any CPU
		{1CF96C13-89D5-4DFC-A34B-6542833C343C}.Debug|Any CPU.Build.0 = Debug|Any CPU
		{1CF96C13-89D5-4DFC-A34B-6542833C343C}.Release|Any CPU.ActiveCfg = Release|Any CPU
		{1CF96C13-89D5-4DFC-A34B-6542833C343C}.Release|Any CPU.Build.0 = Release|Any CPU
	EndGlobalSection
	GlobalSection(SolutionProperties) = preSolution
		HideSolutionNode = FALSE
	EndGlobalSection
	GlobalSection(ExtensibilityGlobals) = postSolution
		SolutionGuid = {B84717F6-C877-4F14-9928-34F97044524A}
	EndGlobalSection
EndGlobal
